
Microsoft Visual Studio Solution File, Format Version 12.00
# Visual Studio 15
VisualStudioVersion = 15.0.27004.2009
MinimumVisualStudioVersion = 10.0.40219.1
Project("{FAE04EC0-301F-11D3-BF4B-00C04F79EFBC}") = "ModelFirstSample", "ModelFirstSample\ModelFirstSample.csproj", "{637F8C40-1AB7-4DEE-BDAF-F0A24F7AA1BB}"
EndProject
Global
	GlobalSection(SolutionConfigurationPlatforms) = preSolution
		Debug|Any CPU = Debug|Any CPU
		Release|Any CPU = Release|Any CPU
	EndGlobalSection
	GlobalSection(ProjectConfigurationPlatforms) = postSolution
		{637F8C40-1AB7-4DEE-BDAF-F0A24F7AA1BB}.Debug|Any CPU.ActiveCfg = Debug|Any CPU
		{637F8C40-1AB7-4DEE-BDAF-F0A24F7AA1BB}.Debug|Any CPU.Build.0 = Debug|Any CPU
		{637F8C40-1AB7-4DEE-BDAF-F0A24F7AA1BB}.Release|Any CPU.ActiveCfg = Release|Any CPU
		{637F8C40-1AB7-4DEE-BDAF-F0A24F7AA1BB}.Release|Any CPU.Build.0 = Release|Any CPU
	EndGlobalSection
	GlobalSection(SolutionProperties) = preSolution
		HideSolutionNode = FALSE
	EndGlobalSection
	GlobalSection(ExtensibilityGlobals) = postSolution
		SolutionGuid = {44DBDD96-E343-4468-9612-EA97D1EBF87A}
	EndGlobalSection
EndGlobal
