
Microsoft Visual Studio Solution File, Format Version 12.00
# Visual Studio 15
VisualStudioVersion = 15.0.27004.2009
MinimumVisualStudioVersion = 10.0.40219.1
Project("{FAE04EC0-301F-11D3-BF4B-00C04F79EFBC}") = "appWPF", "appWPF\appWPF.csproj", "{63E0B803-5DAE-41AC-9E67-4B0DCAAC9B5D}"
EndProject
Project("{FAE04EC0-301F-11D3-BF4B-00C04F79EFBC}") = "UnitTestProject1", "UnitTestProject1\UnitTestProject1.csproj", "{D87B3400-0D7B-4B67-B686-CFBD0E4C2348}"
EndProject
Global
	GlobalSection(SolutionConfigurationPlatforms) = preSolution
		Debug|Any CPU = Debug|Any CPU
		Release|Any CPU = Release|Any CPU
	EndGlobalSection
	GlobalSection(ProjectConfigurationPlatforms) = postSolution
		{63E0B803-5DAE-41AC-9E67-4B0DCAAC9B5D}.Debug|Any CPU.ActiveCfg = Debug|Any CPU
		{63E0B803-5DAE-41AC-9E67-4B0DCAAC9B5D}.Debug|Any CPU.Build.0 = Debug|Any CPU
		{63E0B803-5DAE-41AC-9E67-4B0DCAAC9B5D}.Release|Any CPU.ActiveCfg = Release|Any CPU
		{63E0B803-5DAE-41AC-9E67-4B0DCAAC9B5D}.Release|Any CPU.Build.0 = Release|Any CPU
		{D87B3400-0D7B-4B67-B686-CFBD0E4C2348}.Debug|Any CPU.ActiveCfg = Debug|Any CPU
		{D87B3400-0D7B-4B67-B686-CFBD0E4C2348}.Debug|Any CPU.Build.0 = Debug|Any CPU
		{D87B3400-0D7B-4B67-B686-CFBD0E4C2348}.Release|Any CPU.ActiveCfg = Release|Any CPU
		{D87B3400-0D7B-4B67-B686-CFBD0E4C2348}.Release|Any CPU.Build.0 = Release|Any CPU
	EndGlobalSection
	GlobalSection(SolutionProperties) = preSolution
		HideSolutionNode = FALSE
	EndGlobalSection
	GlobalSection(ExtensibilityGlobals) = postSolution
		SolutionGuid = {21506B28-8B7E-4462-98DD-10EF13E52991}
	EndGlobalSection
EndGlobal
